
Microsoft Visual Studio Solution File, Format Version 12.00
# Visual Studio Version 17
VisualStudioVersion = 17.13.35919.96 d17.13
MinimumVisualStudioVersion = 10.0.40219.1
Project("{FAE04EC0-301F-11D3-BF4B-00C04F79EFBC}") = "HenwoniDataModifierAPI", "HenwoniDataModifierAPI\HenwoniDataModifierAPI.csproj", "{8C1DB3F3-A387-43C7-A6A0-9BDE410B69E8}"
EndProject
Global
	GlobalSection(SolutionConfigurationPlatforms) = preSolution
		Debug|Any CPU = Debug|Any CPU
		Release|Any CPU = Release|Any CPU
	EndGlobalSection
	GlobalSection(ProjectConfigurationPlatforms) = postSolution
		{8C1DB3F3-A387-43C7-A6A0-9BDE410B69E8}.Debug|Any CPU.ActiveCfg = Debug|Any CPU
		{8C1DB3F3-A387-43C7-A6A0-9BDE410B69E8}.Debug|Any CPU.Build.0 = Debug|Any CPU
		{8C1DB3F3-A387-43C7-A6A0-9BDE410B69E8}.Release|Any CPU.ActiveCfg = Release|Any CPU
		{8C1DB3F3-A387-43C7-A6A0-9BDE410B69E8}.Release|Any CPU.Build.0 = Release|Any CPU
	EndGlobalSection
	GlobalSection(SolutionProperties) = preSolution
		HideSolutionNode = FALSE
	EndGlobalSection
	GlobalSection(ExtensibilityGlobals) = postSolution
		SolutionGuid = {3525C601-742B-4CEB-8067-1500A6D42DC2}
	EndGlobalSection
EndGlobal
